
Microsoft Visual Studio Solution File, Format Version 12.00
Project("{FAE04EC0-301F-11D3-BF4B-00C04F79EFBC}") = "Generator", "Generator\Generator.csproj", "{17191D24-1768-4821-A58B-DFB38A78C7B6}"
	ProjectSection(ProjectDependencies) = postProject
		{012730DD-F90E-49BB-96EC-3B3FF9C59423} = {012730DD-F90E-49BB-96EC-3B3FF9C59423}
	EndProjectSection
EndProject
Project("{FAE04EC0-301F-11D3-BF4B-00C04F79EFBC}") = "Resolver", "Resolver\Resolver.csproj", "{3D6E598E-63F3-4D0D-B8CE-033682F8DA22}"
	ProjectSection(ProjectDependencies) = postProject
		{012730DD-F90E-49BB-96EC-3B3FF9C59423} = {012730DD-F90E-49BB-96EC-3B3FF9C59423}
	EndProjectSection
EndProject
Project("{FAE04EC0-301F-11D3-BF4B-00C04F79EFBC}") = "Infrastructure", "Infrastructure\Infrastructure.csproj", "{79492697-D616-45F1-8592-7CCE60315825}"
	ProjectSection(ProjectDependencies) = postProject
		{012730DD-F90E-49BB-96EC-3B3FF9C59423} = {012730DD-F90E-49BB-96EC-3B3FF9C59423}
	EndProjectSection
EndProject
Project("{FAE04EC0-301F-11D3-BF4B-00C04F79EFBC}") = "Measurement", "Measurement\Measurement.csproj", "{4E237759-A156-4C69-BB34-145C7FDB31F9}"
	ProjectSection(ProjectDependencies) = postProject
		{012730DD-F90E-49BB-96EC-3B3FF9C59423} = {012730DD-F90E-49BB-96EC-3B3FF9C59423}
	EndProjectSection
EndProject
Project("{FAE04EC0-301F-11D3-BF4B-00C04F79EFBC}") = "Domain", "Domain\Domain.csproj", "{7A0FBE5F-BE74-400E-874B-24853D215314}"
EndProject
Global
	GlobalSection(SolutionConfigurationPlatforms) = preSolution
		Debug|Any CPU = Debug|Any CPU
		Release|Any CPU = Release|Any CPU
	EndGlobalSection
	GlobalSection(ProjectConfigurationPlatforms) = postSolution
		{17191D24-1768-4821-A58B-DFB38A78C7B6}.Debug|Any CPU.ActiveCfg = Debug|Any CPU
		{17191D24-1768-4821-A58B-DFB38A78C7B6}.Debug|Any CPU.Build.0 = Debug|Any CPU
		{17191D24-1768-4821-A58B-DFB38A78C7B6}.Release|Any CPU.ActiveCfg = Release|Any CPU
		{17191D24-1768-4821-A58B-DFB38A78C7B6}.Release|Any CPU.Build.0 = Release|Any CPU
		{3D6E598E-63F3-4D0D-B8CE-033682F8DA22}.Debug|Any CPU.ActiveCfg = Debug|Any CPU
		{3D6E598E-63F3-4D0D-B8CE-033682F8DA22}.Debug|Any CPU.Build.0 = Debug|Any CPU
		{3D6E598E-63F3-4D0D-B8CE-033682F8DA22}.Release|Any CPU.ActiveCfg = Release|Any CPU
		{3D6E598E-63F3-4D0D-B8CE-033682F8DA22}.Release|Any CPU.Build.0 = Release|Any CPU
		{79492697-D616-45F1-8592-7CCE60315825}.Debug|Any CPU.ActiveCfg = Debug|Any CPU
		{79492697-D616-45F1-8592-7CCE60315825}.Debug|Any CPU.Build.0 = Debug|Any CPU
		{79492697-D616-45F1-8592-7CCE60315825}.Release|Any CPU.ActiveCfg = Release|Any CPU
		{79492697-D616-45F1-8592-7CCE60315825}.Release|Any CPU.Build.0 = Release|Any CPU
		{4E237759-A156-4C69-BB34-145C7FDB31F9}.Debug|Any CPU.ActiveCfg = Debug|Any CPU
		{4E237759-A156-4C69-BB34-145C7FDB31F9}.Debug|Any CPU.Build.0 = Debug|Any CPU
		{4E237759-A156-4C69-BB34-145C7FDB31F9}.Release|Any CPU.ActiveCfg = Release|Any CPU
		{4E237759-A156-4C69-BB34-145C7FDB31F9}.Release|Any CPU.Build.0 = Release|Any CPU
		{7A0FBE5F-BE74-400E-874B-24853D215314}.Debug|Any CPU.ActiveCfg = Debug|Any CPU
		{7A0FBE5F-BE74-400E-874B-24853D215314}.Debug|Any CPU.Build.0 = Debug|Any CPU
		{7A0FBE5F-BE74-400E-874B-24853D215314}.Release|Any CPU.ActiveCfg = Release|Any CPU
		{7A0FBE5F-BE74-400E-874B-24853D215314}.Release|Any CPU.Build.0 = Release|Any CPU
	EndGlobalSection
	GlobalSection(NestedProjects) = preSolution
	EndGlobalSection
EndGlobal
